// !$*UTF8*$!
{
	archiveVersion = 1;
	classes = {
	};
	objectVersion = 50;
	objects = {

/* Begin PBXBuildFile section */
		961984BC226562B300B64BBA /* AppDelegate.swift in Sources */ = {isa = PBXBuildFile; fileRef = 961984BB226562B300B64BBA /* AppDelegate.swift */; };
		961984BE226562B300B64BBA /* ViewController.swift in Sources */ = {isa = PBXBuildFile; fileRef = 961984BD226562B300B64BBA /* ViewController.swift */; };
		961984C0226562B300B64BBA /* Document.swift in Sources */ = {isa = PBXBuildFile; fileRef = 961984BF226562B300B64BBA /* Document.swift */; };
		961984C2226562B600B64BBA /* Assets.xcassets in Resources */ = {isa = PBXBuildFile; fileRef = 961984C1226562B600B64BBA /* Assets.xcassets */; };
		961984C5226562B600B64BBA /* Main.storyboard in Resources */ = {isa = PBXBuildFile; fileRef = 961984C3226562B600B64BBA /* Main.storyboard */; };
		961984D1226562B600B64BBA /* RepleteTests.swift in Sources */ = {isa = PBXBuildFile; fileRef = 961984D0226562B600B64BBA /* RepleteTests.swift */; };
		961984DC226562B600B64BBA /* RepleteUITests.swift in Sources */ = {isa = PBXBuildFile; fileRef = 961984DB226562B600B64BBA /* RepleteUITests.swift */; };
		961984EB226564E900B64BBA /* libiconv.tbd in Frameworks */ = {isa = PBXBuildFile; fileRef = 961984EA226564E900B64BBA /* libiconv.tbd */; };
		961984ED226564F200B64BBA /* libcurl.tbd in Frameworks */ = {isa = PBXBuildFile; fileRef = 961984EC226564F200B64BBA /* libcurl.tbd */; };
		961984EF226564FF00B64BBA /* libicucore.tbd in Frameworks */ = {isa = PBXBuildFile; fileRef = 961984EE226564FF00B64BBA /* libicucore.tbd */; };
		9619850322656C5F00B64BBA /* ufile.c in Sources */ = {isa = PBXBuildFile; fileRef = 961984F222656C5F00B64BBA /* ufile.c */; };
		9619850422656C5F00B64BBA /* CSContext.m in Sources */ = {isa = PBXBuildFile; fileRef = 961984F522656C5F00B64BBA /* CSContext.m */; };
		9619850522656C5F00B64BBA /* file.c in Sources */ = {isa = PBXBuildFile; fileRef = 961984F622656C5F00B64BBA /* file.c */; };
		9619850622656C5F00B64BBA /* http.c in Sources */ = {isa = PBXBuildFile; fileRef = 961984FA22656C5F00B64BBA /* http.c */; };
		9619850722656C5F00B64BBA /* jsc_utils.c in Sources */ = {isa = PBXBuildFile; fileRef = 961984FD22656C5F00B64BBA /* jsc_utils.c */; };
		9619850822656C5F00B64BBA /* bundle.c in Sources */ = {isa = PBXBuildFile; fileRef = 9619850022656C5F00B64BBA /* bundle.c */; };
		9619850922656C5F00B64BBA /* functions.c in Sources */ = {isa = PBXBuildFile; fileRef = 9619850122656C5F00B64BBA /* functions.c */; };
		9619850A22656C5F00B64BBA /* io.c in Sources */ = {isa = PBXBuildFile; fileRef = 9619850222656C5F00B64BBA /* io.c */; };
		9619850D2265705300B64BBA /* Relay.swift in Sources */ = {isa = PBXBuildFile; fileRef = 9619850C2265705300B64BBA /* Relay.swift */; };
		9619850F2265770B00B64BBA /* NSExtensions.swift in Sources */ = {isa = PBXBuildFile; fileRef = 9619850E2265770B00B64BBA /* NSExtensions.swift */; };
		ED4A28A922A74A9F003A1C44 /* FiraCode-Regular.otf in Resources */ = {isa = PBXBuildFile; fileRef = ED4A28A822A74A9F003A1C44 /* FiraCode-Regular.otf */; };
/* End PBXBuildFile section */

/* Begin PBXContainerItemProxy section */
		961984CD226562B600B64BBA /* PBXContainerItemProxy */ = {
			isa = PBXContainerItemProxy;
			containerPortal = 961984B0226562B300B64BBA /* Project object */;
			proxyType = 1;
			remoteGlobalIDString = 961984B7226562B300B64BBA;
			remoteInfo = Replete;
		};
		961984D8226562B600B64BBA /* PBXContainerItemProxy */ = {
			isa = PBXContainerItemProxy;
			containerPortal = 961984B0226562B300B64BBA /* Project object */;
			proxyType = 1;
			remoteGlobalIDString = 961984B7226562B300B64BBA;
			remoteInfo = Replete;
		};
/* End PBXContainerItemProxy section */

/* Begin PBXFileReference section */
		961984B8226562B300B64BBA /* Replete REPL.app */ = {isa = PBXFileReference; explicitFileType = wrapper.application; includeInIndex = 0; path = "Replete REPL.app"; sourceTree = BUILT_PRODUCTS_DIR; };
		961984BB226562B300B64BBA /* AppDelegate.swift */ = {isa = PBXFileReference; lastKnownFileType = sourcecode.swift; path = AppDelegate.swift; sourceTree = "<group>"; };
		961984BD226562B300B64BBA /* ViewController.swift */ = {isa = PBXFileReference; lastKnownFileType = sourcecode.swift; path = ViewController.swift; sourceTree = "<group>"; };
		961984BF226562B300B64BBA /* Document.swift */ = {isa = PBXFileReference; lastKnownFileType = sourcecode.swift; path = Document.swift; sourceTree = "<group>"; };
		961984C1226562B600B64BBA /* Assets.xcassets */ = {isa = PBXFileReference; lastKnownFileType = folder.assetcatalog; path = Assets.xcassets; sourceTree = "<group>"; };
		961984C4226562B600B64BBA /* Base */ = {isa = PBXFileReference; lastKnownFileType = file.storyboard; name = Base; path = Base.lproj/Main.storyboard; sourceTree = "<group>"; };
		961984C6226562B600B64BBA /* Info.plist */ = {isa = PBXFileReference; lastKnownFileType = text.plist.xml; path = Info.plist; sourceTree = "<group>"; };
		961984C7226562B600B64BBA /* Replete.entitlements */ = {isa = PBXFileReference; lastKnownFileType = text.plist.entitlements; path = Replete.entitlements; sourceTree = "<group>"; };
		961984CC226562B600B64BBA /* Replete REPLTests.xctest */ = {isa = PBXFileReference; explicitFileType = wrapper.cfbundle; includeInIndex = 0; path = "Replete REPLTests.xctest"; sourceTree = BUILT_PRODUCTS_DIR; };
		961984D0226562B600B64BBA /* RepleteTests.swift */ = {isa = PBXFileReference; lastKnownFileType = sourcecode.swift; path = RepleteTests.swift; sourceTree = "<group>"; };
		961984D2226562B600B64BBA /* Info.plist */ = {isa = PBXFileReference; lastKnownFileType = text.plist.xml; path = Info.plist; sourceTree = "<group>"; };
		961984D7226562B600B64BBA /* Replete REPLUITests.xctest */ = {isa = PBXFileReference; explicitFileType = wrapper.cfbundle; includeInIndex = 0; path = "Replete REPLUITests.xctest"; sourceTree = BUILT_PRODUCTS_DIR; };
		961984DB226562B600B64BBA /* RepleteUITests.swift */ = {isa = PBXFileReference; lastKnownFileType = sourcecode.swift; path = RepleteUITests.swift; sourceTree = "<group>"; };
		961984DD226562B600B64BBA /* Info.plist */ = {isa = PBXFileReference; lastKnownFileType = text.plist.xml; path = Info.plist; sourceTree = "<group>"; };
		961984EA226564E900B64BBA /* libiconv.tbd */ = {isa = PBXFileReference; lastKnownFileType = "sourcecode.text-based-dylib-definition"; name = libiconv.tbd; path = usr/lib/libiconv.tbd; sourceTree = SDKROOT; };
		961984EC226564F200B64BBA /* libcurl.tbd */ = {isa = PBXFileReference; lastKnownFileType = "sourcecode.text-based-dylib-definition"; name = libcurl.tbd; path = usr/lib/libcurl.tbd; sourceTree = SDKROOT; };
		961984EE226564FF00B64BBA /* libicucore.tbd */ = {isa = PBXFileReference; lastKnownFileType = "sourcecode.text-based-dylib-definition"; name = libicucore.tbd; path = usr/lib/libicucore.tbd; sourceTree = SDKROOT; };
		961984F122656C5E00B64BBA /* Replete-Bridging-Header.h */ = {isa = PBXFileReference; lastKnownFileType = sourcecode.c.h; path = "Replete-Bridging-Header.h"; sourceTree = "<group>"; };
		961984F222656C5F00B64BBA /* ufile.c */ = {isa = PBXFileReference; fileEncoding = 4; lastKnownFileType = sourcecode.c.c; path = ufile.c; sourceTree = "<group>"; };
		961984F322656C5F00B64BBA /* file.h */ = {isa = PBXFileReference; fileEncoding = 4; lastKnownFileType = sourcecode.c.h; path = file.h; sourceTree = "<group>"; };
		961984F422656C5F00B64BBA /* http.h */ = {isa = PBXFileReference; fileEncoding = 4; lastKnownFileType = sourcecode.c.h; path = http.h; sourceTree = "<group>"; };
		961984F522656C5F00B64BBA /* CSContext.m */ = {isa = PBXFileReference; fileEncoding = 4; lastKnownFileType = sourcecode.c.objc; path = CSContext.m; sourceTree = "<group>"; };
		961984F622656C5F00B64BBA /* file.c */ = {isa = PBXFileReference; fileEncoding = 4; lastKnownFileType = sourcecode.c.c; path = file.c; sourceTree = "<group>"; };
		961984F722656C5F00B64BBA /* jsc_utils.h */ = {isa = PBXFileReference; fileEncoding = 4; lastKnownFileType = sourcecode.c.h; path = jsc_utils.h; sourceTree = "<group>"; };
		961984F822656C5F00B64BBA /* functions.h */ = {isa = PBXFileReference; fileEncoding = 4; lastKnownFileType = sourcecode.c.h; path = functions.h; sourceTree = "<group>"; };
		961984FA22656C5F00B64BBA /* http.c */ = {isa = PBXFileReference; fileEncoding = 4; lastKnownFileType = sourcecode.c.c; path = http.c; sourceTree = "<group>"; };
		961984FB22656C5F00B64BBA /* io.h */ = {isa = PBXFileReference; fileEncoding = 4; lastKnownFileType = sourcecode.c.h; path = io.h; sourceTree = "<group>"; };
		961984FC22656C5F00B64BBA /* bundle_inflate.h */ = {isa = PBXFileReference; fileEncoding = 4; lastKnownFileType = sourcecode.c.h; path = bundle_inflate.h; sourceTree = "<group>"; };
		961984FD22656C5F00B64BBA /* jsc_utils.c */ = {isa = PBXFileReference; fileEncoding = 4; lastKnownFileType = sourcecode.c.c; path = jsc_utils.c; sourceTree = "<group>"; };
		961984FE22656C5F00B64BBA /* CSContext.h */ = {isa = PBXFileReference; fileEncoding = 4; lastKnownFileType = sourcecode.c.h; path = CSContext.h; sourceTree = "<group>"; };
		961984FF22656C5F00B64BBA /* bundle.h */ = {isa = PBXFileReference; fileEncoding = 4; lastKnownFileType = sourcecode.c.h; path = bundle.h; sourceTree = "<group>"; };
		9619850022656C5F00B64BBA /* bundle.c */ = {isa = PBXFileReference; fileEncoding = 4; lastKnownFileType = sourcecode.c.c; path = bundle.c; sourceTree = "<group>"; };
		9619850122656C5F00B64BBA /* functions.c */ = {isa = PBXFileReference; fileEncoding = 4; lastKnownFileType = sourcecode.c.c; path = functions.c; sourceTree = "<group>"; };
		9619850222656C5F00B64BBA /* io.c */ = {isa = PBXFileReference; fileEncoding = 4; lastKnownFileType = sourcecode.c.c; path = io.c; sourceTree = "<group>"; };
		9619850B22656D0200B64BBA /* ufile.h */ = {isa = PBXFileReference; lastKnownFileType = sourcecode.c.h; path = ufile.h; sourceTree = "<group>"; };
		9619850C2265705300B64BBA /* Relay.swift */ = {isa = PBXFileReference; lastKnownFileType = sourcecode.swift; path = Relay.swift; sourceTree = "<group>"; };
		9619850E2265770B00B64BBA /* NSExtensions.swift */ = {isa = PBXFileReference; lastKnownFileType = sourcecode.swift; path = NSExtensions.swift; sourceTree = "<group>"; };
		961985142266CAEC00B64BBA /* Replete REPLHelp.help */ = {isa = PBXFileReference; explicitFileType = wrapper.cfbundle; includeInIndex = 0; path = "Replete REPLHelp.help"; sourceTree = BUILT_PRODUCTS_DIR; };
		961985162266CAEC00B64BBA /* Info.plist */ = {isa = PBXFileReference; lastKnownFileType = text.plist.xml; path = Info.plist; sourceTree = "<group>"; };
		ED4A28A822A74A9F003A1C44 /* FiraCode-Regular.otf */ = {isa = PBXFileReference; lastKnownFileType = file; path = "FiraCode-Regular.otf"; sourceTree = "<group>"; };
/* End PBXFileReference section */

/* Begin PBXFrameworksBuildPhase section */
		961984B5226562B300B64BBA /* Frameworks */ = {
			isa = PBXFrameworksBuildPhase;
			buildActionMask = 2147483647;
			files = (
				961984EF226564FF00B64BBA /* libicucore.tbd in Frameworks */,
				961984ED226564F200B64BBA /* libcurl.tbd in Frameworks */,
				961984EB226564E900B64BBA /* libiconv.tbd in Frameworks */,
			);
			runOnlyForDeploymentPostprocessing = 0;
		};
		961984C9226562B600B64BBA /* Frameworks */ = {
			isa = PBXFrameworksBuildPhase;
			buildActionMask = 2147483647;
			files = (
			);
			runOnlyForDeploymentPostprocessing = 0;
		};
		961984D4226562B600B64BBA /* Frameworks */ = {
			isa = PBXFrameworksBuildPhase;
			buildActionMask = 2147483647;
			files = (
			);
			runOnlyForDeploymentPostprocessing = 0;
		};
		961985112266CAEC00B64BBA /* Frameworks */ = {
			isa = PBXFrameworksBuildPhase;
			buildActionMask = 2147483647;
			files = (
			);
			runOnlyForDeploymentPostprocessing = 0;
		};
/* End PBXFrameworksBuildPhase section */

/* Begin PBXGroup section */
		961984AF226562B300B64BBA = {
			isa = PBXGroup;
			children = (
				961984F022656C3600B64BBA /* CSContext */,
				961984BA226562B300B64BBA /* Replete */,
				961984CF226562B600B64BBA /* RepleteTests */,
				961984DA226562B600B64BBA /* RepleteUITests */,
				961985152266CAEC00B64BBA /* RepleteHelp */,
				961984B9226562B300B64BBA /* Products */,
				961984E9226564E900B64BBA /* Frameworks */,
			);
			sourceTree = "<group>";
		};
		961984B9226562B300B64BBA /* Products */ = {
			isa = PBXGroup;
			children = (
				961984B8226562B300B64BBA /* Replete REPL.app */,
				961984CC226562B600B64BBA /* Replete REPLTests.xctest */,
				961984D7226562B600B64BBA /* Replete REPLUITests.xctest */,
				961985142266CAEC00B64BBA /* Replete REPLHelp.help */,
			);
			name = Products;
			sourceTree = "<group>";
		};
		961984BA226562B300B64BBA /* Replete */ = {
			isa = PBXGroup;
			children = (
				961984BB226562B300B64BBA /* AppDelegate.swift */,
				961984BD226562B300B64BBA /* ViewController.swift */,
				961984BF226562B300B64BBA /* Document.swift */,
				961984C1226562B600B64BBA /* Assets.xcassets */,
				961984C3226562B600B64BBA /* Main.storyboard */,
				961984C6226562B600B64BBA /* Info.plist */,
				961984C7226562B600B64BBA /* Replete.entitlements */,
				9619850C2265705300B64BBA /* Relay.swift */,
				9619850E2265770B00B64BBA /* NSExtensions.swift */,
				ED4A28A822A74A9F003A1C44 /* FiraCode-Regular.otf */,
			);
			path = Replete;
			sourceTree = "<group>";
		};
		961984CF226562B600B64BBA /* RepleteTests */ = {
			isa = PBXGroup;
			children = (
				961984D0226562B600B64BBA /* RepleteTests.swift */,
				961984D2226562B600B64BBA /* Info.plist */,
			);
			path = RepleteTests;
			sourceTree = "<group>";
		};
		961984DA226562B600B64BBA /* RepleteUITests */ = {
			isa = PBXGroup;
			children = (
				961984DB226562B600B64BBA /* RepleteUITests.swift */,
				961984DD226562B600B64BBA /* Info.plist */,
			);
			path = RepleteUITests;
			sourceTree = "<group>";
		};
		961984E9226564E900B64BBA /* Frameworks */ = {
			isa = PBXGroup;
			children = (
				961984EE226564FF00B64BBA /* libicucore.tbd */,
				961984EC226564F200B64BBA /* libcurl.tbd */,
				961984EA226564E900B64BBA /* libiconv.tbd */,
			);
			name = Frameworks;
			sourceTree = "<group>";
		};
		961984F022656C3600B64BBA /* CSContext */ = {
			isa = PBXGroup;
			children = (
				961984FC22656C5F00B64BBA /* bundle_inflate.h */,
				9619850022656C5F00B64BBA /* bundle.c */,
				961984FF22656C5F00B64BBA /* bundle.h */,
				961984FE22656C5F00B64BBA /* CSContext.h */,
				961984F522656C5F00B64BBA /* CSContext.m */,
				961984F622656C5F00B64BBA /* file.c */,
				961984F322656C5F00B64BBA /* file.h */,
				9619850122656C5F00B64BBA /* functions.c */,
				961984F822656C5F00B64BBA /* functions.h */,
				961984FA22656C5F00B64BBA /* http.c */,
				961984F422656C5F00B64BBA /* http.h */,
				9619850222656C5F00B64BBA /* io.c */,
				961984FB22656C5F00B64BBA /* io.h */,
				961984FD22656C5F00B64BBA /* jsc_utils.c */,
				961984F722656C5F00B64BBA /* jsc_utils.h */,
				9619850B22656D0200B64BBA /* ufile.h */,
				961984F222656C5F00B64BBA /* ufile.c */,
				961984F122656C5E00B64BBA /* Replete-Bridging-Header.h */,
			);
			path = CSContext;
			sourceTree = "<group>";
		};
		961985152266CAEC00B64BBA /* RepleteHelp */ = {
			isa = PBXGroup;
			children = (
				961985162266CAEC00B64BBA /* Info.plist */,
			);
			path = RepleteHelp;
			sourceTree = "<group>";
		};
/* End PBXGroup section */

/* Begin PBXNativeTarget section */
		961984B7226562B300B64BBA /* Replete REPL */ = {
			isa = PBXNativeTarget;
			buildConfigurationList = 961984E0226562B600B64BBA /* Build configuration list for PBXNativeTarget "Replete REPL" */;
			buildPhases = (
				961984B4226562B300B64BBA /* Sources */,
				961984B5226562B300B64BBA /* Frameworks */,
				961984B6226562B300B64BBA /* Resources */,
			);
			buildRules = (
			);
			dependencies = (
			);
			name = "Replete REPL";
			productName = Replete;
			productReference = 961984B8226562B300B64BBA /* Replete REPL.app */;
			productType = "com.apple.product-type.application";
		};
		961984CB226562B600B64BBA /* Replete REPLTests */ = {
			isa = PBXNativeTarget;
			buildConfigurationList = 961984E3226562B600B64BBA /* Build configuration list for PBXNativeTarget "Replete REPLTests" */;
			buildPhases = (
				961984C8226562B600B64BBA /* Sources */,
				961984C9226562B600B64BBA /* Frameworks */,
				961984CA226562B600B64BBA /* Resources */,
			);
			buildRules = (
			);
			dependencies = (
				961984CE226562B600B64BBA /* PBXTargetDependency */,
			);
			name = "Replete REPLTests";
			productName = RepleteTests;
			productReference = 961984CC226562B600B64BBA /* Replete REPLTests.xctest */;
			productType = "com.apple.product-type.bundle.unit-test";
		};
		961984D6226562B600B64BBA /* Replete REPLUITests */ = {
			isa = PBXNativeTarget;
			buildConfigurationList = 961984E6226562B600B64BBA /* Build configuration list for PBXNativeTarget "Replete REPLUITests" */;
			buildPhases = (
				961984D3226562B600B64BBA /* Sources */,
				961984D4226562B600B64BBA /* Frameworks */,
				961984D5226562B600B64BBA /* Resources */,
			);
			buildRules = (
			);
			dependencies = (
				961984D9226562B600B64BBA /* PBXTargetDependency */,
			);
			name = "Replete REPLUITests";
			productName = RepleteUITests;
			productReference = 961984D7226562B600B64BBA /* Replete REPLUITests.xctest */;
			productType = "com.apple.product-type.bundle.ui-testing";
		};
		961985132266CAEC00B64BBA /* Replete REPLHelp */ = {
			isa = PBXNativeTarget;
			buildConfigurationList = 961985172266CAEC00B64BBA /* Build configuration list for PBXNativeTarget "Replete REPLHelp" */;
			buildPhases = (
				961985102266CAEC00B64BBA /* Sources */,
				961985112266CAEC00B64BBA /* Frameworks */,
				961985122266CAEC00B64BBA /* Resources */,
				9619851A2266CB0E00B64BBA /* ShellScript */,
			);
			buildRules = (
			);
			dependencies = (
			);
			name = "Replete REPLHelp";
			productName = RepleteHelp;
			productReference = 961985142266CAEC00B64BBA /* Replete REPLHelp.help */;
			productType = "com.apple.product-type.bundle";
		};
/* End PBXNativeTarget section */

/* Begin PBXProject section */
		961984B0226562B300B64BBA /* Project object */ = {
			isa = PBXProject;
			attributes = {
				LastSwiftUpdateCheck = 1020;
				LastUpgradeCheck = 1020;
				ORGANIZATIONNAME = "Replete REPL";
				TargetAttributes = {
					961984B7226562B300B64BBA = {
						CreatedOnToolsVersion = 10.2;
						LastSwiftMigration = 1020;
						SystemCapabilities = {
							com.apple.HardenedRuntime = {
								enabled = 1;
							};
							com.apple.Sandbox = {
								enabled = 1;
							};
						};
					};
					961984CB226562B600B64BBA = {
						CreatedOnToolsVersion = 10.2;
						TestTargetID = 961984B7226562B300B64BBA;
					};
					961984D6226562B600B64BBA = {
						CreatedOnToolsVersion = 10.2;
						TestTargetID = 961984B7226562B300B64BBA;
					};
					961985132266CAEC00B64BBA = {
						CreatedOnToolsVersion = 10.2;
					};
				};
			};
			buildConfigurationList = 961984B3226562B300B64BBA /* Build configuration list for PBXProject "Replete REPL" */;
			compatibilityVersion = "Xcode 9.3";
			developmentRegion = en;
			hasScannedForEncodings = 0;
			knownRegions = (
				en,
				Base,
			);
			mainGroup = 961984AF226562B300B64BBA;
			productRefGroup = 961984B9226562B300B64BBA /* Products */;
			projectDirPath = "";
			projectRoot = "";
			targets = (
				961984B7226562B300B64BBA /* Replete REPL */,
				961984CB226562B600B64BBA /* Replete REPLTests */,
				961984D6226562B600B64BBA /* Replete REPLUITests */,
				961985132266CAEC00B64BBA /* Replete REPLHelp */,
			);
		};
/* End PBXProject section */

/* Begin PBXResourcesBuildPhase section */
		961984B6226562B300B64BBA /* Resources */ = {
			isa = PBXResourcesBuildPhase;
			buildActionMask = 2147483647;
			files = (
				ED4A28A922A74A9F003A1C44 /* FiraCode-Regular.otf in Resources */,
				961984C2226562B600B64BBA /* Assets.xcassets in Resources */,
				961984C5226562B600B64BBA /* Main.storyboard in Resources */,
			);
			runOnlyForDeploymentPostprocessing = 0;
		};
		961984CA226562B600B64BBA /* Resources */ = {
			isa = PBXResourcesBuildPhase;
			buildActionMask = 2147483647;
			files = (
			);
			runOnlyForDeploymentPostprocessing = 0;
		};
		961984D5226562B600B64BBA /* Resources */ = {
			isa = PBXResourcesBuildPhase;
			buildActionMask = 2147483647;
			files = (
			);
			runOnlyForDeploymentPostprocessing = 0;
		};
		961985122266CAEC00B64BBA /* Resources */ = {
			isa = PBXResourcesBuildPhase;
			buildActionMask = 2147483647;
			files = (
			);
			runOnlyForDeploymentPostprocessing = 0;
		};
/* End PBXResourcesBuildPhase section */

/* Begin PBXShellScriptBuildPhase section */
		9619851A2266CB0E00B64BBA /* ShellScript */ = {
			isa = PBXShellScriptBuildPhase;
			buildActionMask = 2147483647;
			files = (
			);
			inputFileListPaths = (
			);
			inputPaths = (
			);
			outputFileListPaths = (
			);
			outputPaths = (
			);
			runOnlyForDeploymentPostprocessing = 0;
			shellPath = /bin/sh;
			shellScript = "/usr/bin/make -C \"$(dirname \"$PRODUCT_SETTINGS_PATH\")\"\n";
		};
/* End PBXShellScriptBuildPhase section */

/* Begin PBXSourcesBuildPhase section */
		961984B4226562B300B64BBA /* Sources */ = {
			isa = PBXSourcesBuildPhase;
			buildActionMask = 2147483647;
			files = (
				9619850822656C5F00B64BBA /* bundle.c in Sources */,
				961984BE226562B300B64BBA /* ViewController.swift in Sources */,
				9619850322656C5F00B64BBA /* ufile.c in Sources */,
				9619850422656C5F00B64BBA /* CSContext.m in Sources */,
				9619850A22656C5F00B64BBA /* io.c in Sources */,
				961984BC226562B300B64BBA /* AppDelegate.swift in Sources */,
				9619850722656C5F00B64BBA /* jsc_utils.c in Sources */,
				9619850F2265770B00B64BBA /* NSExtensions.swift in Sources */,
				9619850D2265705300B64BBA /* Relay.swift in Sources */,
				9619850622656C5F00B64BBA /* http.c in Sources */,
				9619850922656C5F00B64BBA /* functions.c in Sources */,
				961984C0226562B300B64BBA /* Document.swift in Sources */,
				9619850522656C5F00B64BBA /* file.c in Sources */,
			);
			runOnlyForDeploymentPostprocessing = 0;
		};
		961984C8226562B600B64BBA /* Sources */ = {
			isa = PBXSourcesBuildPhase;
			buildActionMask = 2147483647;
			files = (
				961984D1226562B600B64BBA /* RepleteTests.swift in Sources */,
			);
			runOnlyForDeploymentPostprocessing = 0;
		};
		961984D3226562B600B64BBA /* Sources */ = {
			isa = PBXSourcesBuildPhase;
			buildActionMask = 2147483647;
			files = (
				961984DC226562B600B64BBA /* RepleteUITests.swift in Sources */,
			);
			runOnlyForDeploymentPostprocessing = 0;
		};
		961985102266CAEC00B64BBA /* Sources */ = {
			isa = PBXSourcesBuildPhase;
			buildActionMask = 2147483647;
			files = (
			);
			runOnlyForDeploymentPostprocessing = 0;
		};
/* End PBXSourcesBuildPhase section */

/* Begin PBXTargetDependency section */
		961984CE226562B600B64BBA /* PBXTargetDependency */ = {
			isa = PBXTargetDependency;
			target = 961984B7226562B300B64BBA /* Replete REPL */;
			targetProxy = 961984CD226562B600B64BBA /* PBXContainerItemProxy */;
		};
		961984D9226562B600B64BBA /* PBXTargetDependency */ = {
			isa = PBXTargetDependency;
			target = 961984B7226562B300B64BBA /* Replete REPL */;
			targetProxy = 961984D8226562B600B64BBA /* PBXContainerItemProxy */;
		};
/* End PBXTargetDependency section */

/* Begin PBXVariantGroup section */
		961984C3226562B600B64BBA /* Main.storyboard */ = {
			isa = PBXVariantGroup;
			children = (
				961984C4226562B600B64BBA /* Base */,
			);
			name = Main.storyboard;
			sourceTree = "<group>";
		};
/* End PBXVariantGroup section */

/* Begin XCBuildConfiguration section */
		961984DE226562B600B64BBA /* Debug */ = {
			isa = XCBuildConfiguration;
			buildSettings = {
				ALWAYS_SEARCH_USER_PATHS = NO;
				CLANG_ANALYZER_NONNULL = YES;
				CLANG_ANALYZER_NUMBER_OBJECT_CONVERSION = YES_AGGRESSIVE;
				CLANG_CXX_LANGUAGE_STANDARD = "gnu++14";
				CLANG_CXX_LIBRARY = "libc++";
				CLANG_ENABLE_MODULES = YES;
				CLANG_ENABLE_OBJC_ARC = YES;
				CLANG_ENABLE_OBJC_WEAK = YES;
				CLANG_WARN_BLOCK_CAPTURE_AUTORELEASING = YES;
				CLANG_WARN_BOOL_CONVERSION = YES;
				CLANG_WARN_COMMA = YES;
				CLANG_WARN_CONSTANT_CONVERSION = YES;
				CLANG_WARN_DEPRECATED_OBJC_IMPLEMENTATIONS = YES;
				CLANG_WARN_DIRECT_OBJC_ISA_USAGE = YES_ERROR;
				CLANG_WARN_DOCUMENTATION_COMMENTS = YES;
				CLANG_WARN_EMPTY_BODY = YES;
				CLANG_WARN_ENUM_CONVERSION = YES;
				CLANG_WARN_INFINITE_RECURSION = YES;
				CLANG_WARN_INT_CONVERSION = YES;
				CLANG_WARN_NON_LITERAL_NULL_CONVERSION = YES;
				CLANG_WARN_OBJC_IMPLICIT_RETAIN_SELF = YES;
				CLANG_WARN_OBJC_LITERAL_CONVERSION = YES;
				CLANG_WARN_OBJC_ROOT_CLASS = YES_ERROR;
				CLANG_WARN_RANGE_LOOP_ANALYSIS = YES;
				CLANG_WARN_STRICT_PROTOTYPES = YES;
				CLANG_WARN_SUSPICIOUS_MOVE = YES;
				CLANG_WARN_UNGUARDED_AVAILABILITY = YES_AGGRESSIVE;
				CLANG_WARN_UNREACHABLE_CODE = YES;
				CLANG_WARN__DUPLICATE_METHOD_MATCH = YES;
				CODE_SIGN_IDENTITY = "Mac Developer";
				COPY_PHASE_STRIP = NO;
				DEBUG_INFORMATION_FORMAT = dwarf;
				ENABLE_STRICT_OBJC_MSGSEND = YES;
				ENABLE_TESTABILITY = YES;
				GCC_C_LANGUAGE_STANDARD = gnu11;
				GCC_DYNAMIC_NO_PIC = NO;
				GCC_NO_COMMON_BLOCKS = YES;
				GCC_OPTIMIZATION_LEVEL = 0;
				GCC_PREPROCESSOR_DEFINITIONS = (
					"DEBUG=1",
					"$(inherited)",
				);
				GCC_WARN_64_TO_32_BIT_CONVERSION = YES;
				GCC_WARN_ABOUT_RETURN_TYPE = YES_ERROR;
				GCC_WARN_UNDECLARED_SELECTOR = YES;
				GCC_WARN_UNINITIALIZED_AUTOS = YES_AGGRESSIVE;
				GCC_WARN_UNUSED_FUNCTION = YES;
				GCC_WARN_UNUSED_VARIABLE = YES;
				MACOSX_DEPLOYMENT_TARGET = 10.14;
				MTL_ENABLE_DEBUG_INFO = INCLUDE_SOURCE;
				MTL_FAST_MATH = YES;
				ONLY_ACTIVE_ARCH = YES;
				SDKROOT = macosx;
				SWIFT_ACTIVE_COMPILATION_CONDITIONS = DEBUG;
				SWIFT_OPTIMIZATION_LEVEL = "-Onone";
			};
			name = Debug;
		};
		961984DF226562B600B64BBA /* Release */ = {
			isa = XCBuildConfiguration;
			buildSettings = {
				ALWAYS_SEARCH_USER_PATHS = NO;
				CLANG_ANALYZER_NONNULL = YES;
				CLANG_ANALYZER_NUMBER_OBJECT_CONVERSION = YES_AGGRESSIVE;
				CLANG_CXX_LANGUAGE_STANDARD = "gnu++14";
				CLANG_CXX_LIBRARY = "libc++";
				CLANG_ENABLE_MODULES = YES;
				CLANG_ENABLE_OBJC_ARC = YES;
				CLANG_ENABLE_OBJC_WEAK = YES;
				CLANG_WARN_BLOCK_CAPTURE_AUTORELEASING = YES;
				CLANG_WARN_BOOL_CONVERSION = YES;
				CLANG_WARN_COMMA = YES;
				CLANG_WARN_CONSTANT_CONVERSION = YES;
				CLANG_WARN_DEPRECATED_OBJC_IMPLEMENTATIONS = YES;
				CLANG_WARN_DIRECT_OBJC_ISA_USAGE = YES_ERROR;
				CLANG_WARN_DOCUMENTATION_COMMENTS = YES;
				CLANG_WARN_EMPTY_BODY = YES;
				CLANG_WARN_ENUM_CONVERSION = YES;
				CLANG_WARN_INFINITE_RECURSION = YES;
				CLANG_WARN_INT_CONVERSION = YES;
				CLANG_WARN_NON_LITERAL_NULL_CONVERSION = YES;
				CLANG_WARN_OBJC_IMPLICIT_RETAIN_SELF = YES;
				CLANG_WARN_OBJC_LITERAL_CONVERSION = YES;
				CLANG_WARN_OBJC_ROOT_CLASS = YES_ERROR;
				CLANG_WARN_RANGE_LOOP_ANALYSIS = YES;
				CLANG_WARN_STRICT_PROTOTYPES = YES;
				CLANG_WARN_SUSPICIOUS_MOVE = YES;
				CLANG_WARN_UNGUARDED_AVAILABILITY = YES_AGGRESSIVE;
				CLANG_WARN_UNREACHABLE_CODE = YES;
				CLANG_WARN__DUPLICATE_METHOD_MATCH = YES;
				CODE_SIGN_IDENTITY = "Mac Developer";
				COPY_PHASE_STRIP = NO;
				DEBUG_INFORMATION_FORMAT = "dwarf-with-dsym";
				ENABLE_NS_ASSERTIONS = NO;
				ENABLE_STRICT_OBJC_MSGSEND = YES;
				GCC_C_LANGUAGE_STANDARD = gnu11;
				GCC_NO_COMMON_BLOCKS = YES;
				GCC_WARN_64_TO_32_BIT_CONVERSION = YES;
				GCC_WARN_ABOUT_RETURN_TYPE = YES_ERROR;
				GCC_WARN_UNDECLARED_SELECTOR = YES;
				GCC_WARN_UNINITIALIZED_AUTOS = YES_AGGRESSIVE;
				GCC_WARN_UNUSED_FUNCTION = YES;
				GCC_WARN_UNUSED_VARIABLE = YES;
				MACOSX_DEPLOYMENT_TARGET = 10.14;
				MTL_ENABLE_DEBUG_INFO = NO;
				MTL_FAST_MATH = YES;
				SDKROOT = macosx;
				SWIFT_COMPILATION_MODE = wholemodule;
				SWIFT_OPTIMIZATION_LEVEL = "-O";
			};
			name = Release;
		};
		961984E1226562B600B64BBA /* Debug */ = {
			isa = XCBuildConfiguration;
			buildSettings = {
				ASSETCATALOG_COMPILER_APPICON_NAME = AppIcon;
				CLANG_ENABLE_MODULES = YES;
				CODE_SIGN_ENTITLEMENTS = Replete/Replete.entitlements;
				CODE_SIGN_STYLE = Automatic;
				COMBINE_HIDPI_IMAGES = YES;
				DEVELOPMENT_TEAM = FMH366978P;
				ENABLE_HARDENED_RUNTIME = YES;
				INFOPLIST_FILE = Replete/Info.plist;
				LD_RUNPATH_SEARCH_PATHS = (
					"$(inherited)",
					"@executable_path/../Frameworks",
				);
				MACOSX_DEPLOYMENT_TARGET = 10.13;
				MARKETING_VERSION = 2.4;
				PRODUCT_BUNDLE_IDENTIFIER = com.fikesfarm.macos.Replete;
				PRODUCT_NAME = "$(TARGET_NAME)";
				SWIFT_OBJC_BRIDGING_HEADER = "CSContext/Replete-Bridging-Header.h";
				SWIFT_OPTIMIZATION_LEVEL = "-Onone";
				SWIFT_VERSION = 5.0;
			};
			name = Debug;
		};
		961984E2226562B600B64BBA /* Release */ = {
			isa = XCBuildConfiguration;
			buildSettings = {
				ASSETCATALOG_COMPILER_APPICON_NAME = AppIcon;
				CLANG_ENABLE_MODULES = YES;
				CODE_SIGN_ENTITLEMENTS = Replete/Replete.entitlements;
				CODE_SIGN_STYLE = Automatic;
				COMBINE_HIDPI_IMAGES = YES;
				DEVELOPMENT_TEAM = FMH366978P;
				ENABLE_HARDENED_RUNTIME = YES;
				INFOPLIST_FILE = Replete/Info.plist;
				LD_RUNPATH_SEARCH_PATHS = (
					"$(inherited)",
					"@executable_path/../Frameworks",
				);
				MACOSX_DEPLOYMENT_TARGET = 10.13;
				MARKETING_VERSION = 2.4;
				PRODUCT_BUNDLE_IDENTIFIER = com.fikesfarm.macos.Replete;
				PRODUCT_NAME = "$(TARGET_NAME)";
				SWIFT_OBJC_BRIDGING_HEADER = "CSContext/Replete-Bridging-Header.h";
				SWIFT_VERSION = 5.0;
			};
			name = Release;
		};
		961984E4226562B600B64BBA /* Debug */ = {
			isa = XCBuildConfiguration;
			buildSettings = {
				ALWAYS_EMBED_SWIFT_STANDARD_LIBRARIES = YES;
				BUNDLE_LOADER = "$(TEST_HOST)";
				CODE_SIGN_STYLE = Automatic;
				COMBINE_HIDPI_IMAGES = YES;
				DEVELOPMENT_TEAM = 8S7Y6KVRU5;
				INFOPLIST_FILE = RepleteTests/Info.plist;
				LD_RUNPATH_SEARCH_PATHS = (
					"$(inherited)",
					"@executable_path/../Frameworks",
					"@loader_path/../Frameworks",
				);
				PRODUCT_BUNDLE_IDENTIFIER = com.wildthink.osx.RepleteTests;
				PRODUCT_NAME = "$(TARGET_NAME)";
				SWIFT_VERSION = 5.0;
				TEST_HOST = "$(BUILT_PRODUCTS_DIR)/Replete REPL.app/Contents/MacOS/Replete REPL";
			};
			name = Debug;
		};
		961984E5226562B600B64BBA /* Release */ = {
			isa = XCBuildConfiguration;
			buildSettings = {
				ALWAYS_EMBED_SWIFT_STANDARD_LIBRARIES = YES;
				BUNDLE_LOADER = "$(TEST_HOST)";
				CODE_SIGN_STYLE = Automatic;
				COMBINE_HIDPI_IMAGES = YES;
				DEVELOPMENT_TEAM = 8S7Y6KVRU5;
				INFOPLIST_FILE = RepleteTests/Info.plist;
				LD_RUNPATH_SEARCH_PATHS = (
					"$(inherited)",
					"@executable_path/../Frameworks",
					"@loader_path/../Frameworks",
				);
				PRODUCT_BUNDLE_IDENTIFIER = com.wildthink.osx.RepleteTests;
				PRODUCT_NAME = "$(TARGET_NAME)";
				SWIFT_VERSION = 5.0;
				TEST_HOST = "$(BUILT_PRODUCTS_DIR)/Replete REPL.app/Contents/MacOS/Replete REPL";
			};
			name = Release;
		};
		961984E7226562B600B64BBA /* Debug */ = {
			isa = XCBuildConfiguration;
			buildSettings = {
				ALWAYS_EMBED_SWIFT_STANDARD_LIBRARIES = YES;
				CODE_SIGN_STYLE = Automatic;
				COMBINE_HIDPI_IMAGES = YES;
				DEVELOPMENT_TEAM = 8S7Y6KVRU5;
				INFOPLIST_FILE = RepleteUITests/Info.plist;
				LD_RUNPATH_SEARCH_PATHS = (
					"$(inherited)",
					"@executable_path/../Frameworks",
					"@loader_path/../Frameworks",
				);
				PRODUCT_BUNDLE_IDENTIFIER = com.wildthink.osx.RepleteUITests;
				PRODUCT_NAME = "$(TARGET_NAME)";
				SWIFT_VERSION = 5.0;
				TEST_TARGET_NAME = Replete;
			};
			name = Debug;
		};
		961984E8226562B600B64BBA /* Release */ = {
			isa = XCBuildConfiguration;
			buildSettings = {
				ALWAYS_EMBED_SWIFT_STANDARD_LIBRARIES = YES;
				CODE_SIGN_STYLE = Automatic;
				COMBINE_HIDPI_IMAGES = YES;
				DEVELOPMENT_TEAM = 8S7Y6KVRU5;
				INFOPLIST_FILE = RepleteUITests/Info.plist;
				LD_RUNPATH_SEARCH_PATHS = (
					"$(inherited)",
					"@executable_path/../Frameworks",
					"@loader_path/../Frameworks",
				);
				PRODUCT_BUNDLE_IDENTIFIER = com.wildthink.osx.RepleteUITests;
				PRODUCT_NAME = "$(TARGET_NAME)";
				SWIFT_VERSION = 5.0;
				TEST_TARGET_NAME = Replete;
			};
			name = Release;
		};
		961985182266CAEC00B64BBA /* Debug */ = {
			isa = XCBuildConfiguration;
			buildSettings = {
				CODE_SIGN_STYLE = Automatic;
				COMBINE_HIDPI_IMAGES = YES;
				DEVELOPMENT_TEAM = 8S7Y6KVRU5;
				INFOPLIST_FILE = RepleteHelp/Info.plist;
				INSTALL_PATH = "$(LOCAL_LIBRARY_DIR)/Bundles";
				PRODUCT_BUNDLE_IDENTIFIER = "com.wildthink.osx.-.RepleteHelp";
				PRODUCT_NAME = "$(TARGET_NAME)";
				SKIP_INSTALL = YES;
				WRAPPER_EXTENSION = help;
			};
			name = Debug;
		};
		961985192266CAEC00B64BBA /* Release */ = {
			isa = XCBuildConfiguration;
			buildSettings = {
				CODE_SIGN_STYLE = Automatic;
				COMBINE_HIDPI_IMAGES = YES;
				DEVELOPMENT_TEAM = 8S7Y6KVRU5;
				INFOPLIST_FILE = RepleteHelp/Info.plist;
				INSTALL_PATH = "$(LOCAL_LIBRARY_DIR)/Bundles";
				PRODUCT_BUNDLE_IDENTIFIER = "com.wildthink.osx.-.RepleteHelp";
				PRODUCT_NAME = "$(TARGET_NAME)";
				SKIP_INSTALL = YES;
				WRAPPER_EXTENSION = help;
			};
			name = Release;
		};
/* End XCBuildConfiguration section */

/* Begin XCConfigurationList section */
		961984B3226562B300B64BBA /* Build configuration list for PBXProject "Replete REPL" */ = {
			isa = XCConfigurationList;
			buildConfigurations = (
				961984DE226562B600B64BBA /* Debug */,
				961984DF226562B600B64BBA /* Release */,
			);
			defaultConfigurationIsVisible = 0;
			defaultConfigurationName = Release;
		};
		961984E0226562B600B64BBA /* Build configuration list for PBXNativeTarget "Replete REPL" */ = {
			isa = XCConfigurationList;
			buildConfigurations = (
				961984E1226562B600B64BBA /* Debug */,
				961984E2226562B600B64BBA /* Release */,
			);
			defaultConfigurationIsVisible = 0;
			defaultConfigurationName = Release;
		};
		961984E3226562B600B64BBA /* Build configuration list for PBXNativeTarget "Replete REPLTests" */ = {
			isa = XCConfigurationList;
			buildConfigurations = (
				961984E4226562B600B64BBA /* Debug */,
				961984E5226562B600B64BBA /* Release */,
			);
			defaultConfigurationIsVisible = 0;
			defaultConfigurationName = Release;
		};
		961984E6226562B600B64BBA /* Build configuration list for PBXNativeTarget "Replete REPLUITests" */ = {
			isa = XCConfigurationList;
			buildConfigurations = (
				961984E7226562B600B64BBA /* Debug */,
				961984E8226562B600B64BBA /* Release */,
			);
			defaultConfigurationIsVisible = 0;
			defaultConfigurationName = Release;
		};
		961985172266CAEC00B64BBA /* Build configuration list for PBXNativeTarget "Replete REPLHelp" */ = {
			isa = XCConfigurationList;
			buildConfigurations = (
				961985182266CAEC00B64BBA /* Debug */,
				961985192266CAEC00B64BBA /* Release */,
			);
			defaultConfigurationIsVisible = 0;
			defaultConfigurationName = Release;
		};
/* End XCConfigurationList section */
	};
	rootObject = 961984B0226562B300B64BBA /* Project object */;
}
